
Microsoft Visual Studio Solution File, Format Version 12.00
# Visual Studio 14
VisualStudioVersion = 14.0.25123.0
MinimumVisualStudioVersion = 10.0.40219.1
Project("{FAE04EC0-301F-11D3-BF4B-00C04F79EFBC}") = "ProjCI.Web", "ProjCI\ProjCI.Web.csproj", "{C5535E4D-E357-4AF8-B16D-E4837B1C577C}"
EndProject
Project("{FAE04EC0-301F-11D3-BF4B-00C04F79EFBC}") = "ProjCI.Tests", "ProjCI.Tests\ProjCI.Tests.csproj", "{E8E6B984-6F55-4B29-BE56-C1BA4F87F3A3}"
EndProject
Global
	GlobalSection(SolutionConfigurationPlatforms) = preSolution
		Debug|Any CPU = Debug|Any CPU
		Release|Any CPU = Release|Any CPU
	EndGlobalSection
	GlobalSection(ProjectConfigurationPlatforms) = postSolution
		{C5535E4D-E357-4AF8-B16D-E4837B1C577C}.Debug|Any CPU.ActiveCfg = Release|Any CPU
		{C5535E4D-E357-4AF8-B16D-E4837B1C577C}.Debug|Any CPU.Build.0 = Release|Any CPU
		{C5535E4D-E357-4AF8-B16D-E4837B1C577C}.Release|Any CPU.ActiveCfg = Release|Any CPU
		{C5535E4D-E357-4AF8-B16D-E4837B1C577C}.Release|Any CPU.Build.0 = Release|Any CPU
		{E8E6B984-6F55-4B29-BE56-C1BA4F87F3A3}.Debug|Any CPU.ActiveCfg = Release|Any CPU
		{E8E6B984-6F55-4B29-BE56-C1BA4F87F3A3}.Debug|Any CPU.Build.0 = Release|Any CPU
		{E8E6B984-6F55-4B29-BE56-C1BA4F87F3A3}.Debug|Any CPU.Deploy.0 = Release|Any CPU
		{E8E6B984-6F55-4B29-BE56-C1BA4F87F3A3}.Release|Any CPU.ActiveCfg = Release|Any CPU
		{E8E6B984-6F55-4B29-BE56-C1BA4F87F3A3}.Release|Any CPU.Build.0 = Release|Any CPU
	EndGlobalSection
	GlobalSection(SolutionProperties) = preSolution
		HideSolutionNode = FALSE
	EndGlobalSection
EndGlobal
